
Microsoft Visual Studio Solution File, Format Version 12.00
# Visual Studio Version 17
VisualStudioVersion = 17.4.33110.190
MinimumVisualStudioVersion = 10.0.40219.1
Project("{888888A0-9F3D-457C-B088-3A5042F75D52}") = "S_Schedule_v4", "S_Schedule_v4.pyproj", "{7D0A8260-CB6E-42D0-B08D-8B6604E94E2F}"
EndProject
Global
	GlobalSection(SolutionConfigurationPlatforms) = preSolution
		Debug|Any CPU = Debug|Any CPU
		Release|Any CPU = Release|Any CPU
	EndGlobalSection
	GlobalSection(ProjectConfigurationPlatforms) = postSolution
		{7D0A8260-CB6E-42D0-B08D-8B6604E94E2F}.Debug|Any CPU.ActiveCfg = Debug|Any CPU
		{7D0A8260-CB6E-42D0-B08D-8B6604E94E2F}.Release|Any CPU.ActiveCfg = Release|Any CPU
	EndGlobalSection
	GlobalSection(SolutionProperties) = preSolution
		HideSolutionNode = FALSE
	EndGlobalSection
	GlobalSection(ExtensibilityGlobals) = postSolution
		SolutionGuid = {E7BD6DFC-FC03-46EC-A858-2FAC25ABFDF5}
	EndGlobalSection
EndGlobal
